
Microsoft Visual Studio Solution File, Format Version 12.00
# Visual Studio 2013
VisualStudioVersion = 12.0.31101.0
MinimumVisualStudioVersion = 10.0.40219.1
Project("{E24C65DC-7377-472B-9ABA-BC803B73C61A}") = "app", "http://localhost:53879", "{D176858B-035E-41DB-842E-695F607625C0}"
	ProjectSection(WebsiteProperties) = preProject
		UseIISExpress = "true"
		TargetFrameworkMoniker = ".NETFramework,Version%3Dv4.0"
		Debug.AspNetCompiler.VirtualPath = "/localhost_53879"
		Debug.AspNetCompiler.PhysicalPath = "demo\client\app\"
		Debug.AspNetCompiler.TargetPath = "PrecompiledWeb\localhost_53879\"
		Debug.AspNetCompiler.Updateable = "true"
		Debug.AspNetCompiler.ForceOverwrite = "true"
		Debug.AspNetCompiler.FixedNames = "false"
		Debug.AspNetCompiler.Debug = "True"
		Release.AspNetCompiler.VirtualPath = "/localhost_53879"
		Release.AspNetCompiler.PhysicalPath = "demo\client\app\"
		Release.AspNetCompiler.TargetPath = "PrecompiledWeb\localhost_53879\"
		Release.AspNetCompiler.Updateable = "true"
		Release.AspNetCompiler.ForceOverwrite = "true"
		Release.AspNetCompiler.FixedNames = "false"
		Release.AspNetCompiler.Debug = "False"
		SlnRelativePath = "demo\client\app\"
	EndProjectSection
EndProject
Project("{FAE04EC0-301F-11D3-BF4B-00C04F79EFBC}") = "CcAcca.CacheAbstraction.DemoWeb", "C:\Git\Cache-Abstraction\sample\WebApi\CcAcca.CacheAbstraction.DemoWeb\CcAcca.CacheAbstraction.DemoWeb.csproj", "{22207B89-6866-4C7C-92E9-5DAFAC45236A}"
EndProject
Project("{E24C65DC-7377-472B-9ABA-BC803B73C61A}") = "src(1)", "http://localhost:53819", "{3B854C26-2915-457A-A27C-430BEF4067C2}"
	ProjectSection(WebsiteProperties) = preProject
		UseIISExpress = "true"
		TargetFrameworkMoniker = ".NETFramework,Version%3Dv4.0"
		Debug.AspNetCompiler.VirtualPath = "/localhost_53819"
		Debug.AspNetCompiler.PhysicalPath = "src\"
		Debug.AspNetCompiler.TargetPath = "PrecompiledWeb\localhost_53819\"
		Debug.AspNetCompiler.Updateable = "true"
		Debug.AspNetCompiler.ForceOverwrite = "true"
		Debug.AspNetCompiler.FixedNames = "false"
		Debug.AspNetCompiler.Debug = "True"
		Release.AspNetCompiler.VirtualPath = "/localhost_53819"
		Release.AspNetCompiler.PhysicalPath = "src\"
		Release.AspNetCompiler.TargetPath = "PrecompiledWeb\localhost_53819\"
		Release.AspNetCompiler.Updateable = "true"
		Release.AspNetCompiler.ForceOverwrite = "true"
		Release.AspNetCompiler.FixedNames = "false"
		Release.AspNetCompiler.Debug = "False"
		SlnRelativePath = "src\"
	EndProjectSection
EndProject
Global
	GlobalSection(SolutionConfigurationPlatforms) = preSolution
		Debug|Any CPU = Debug|Any CPU
		Release|Any CPU = Release|Any CPU
	EndGlobalSection
	GlobalSection(ProjectConfigurationPlatforms) = postSolution
		{D176858B-035E-41DB-842E-695F607625C0}.Debug|Any CPU.ActiveCfg = Debug|Any CPU
		{D176858B-035E-41DB-842E-695F607625C0}.Debug|Any CPU.Build.0 = Debug|Any CPU
		{D176858B-035E-41DB-842E-695F607625C0}.Release|Any CPU.ActiveCfg = Debug|Any CPU
		{D176858B-035E-41DB-842E-695F607625C0}.Release|Any CPU.Build.0 = Debug|Any CPU
		{22207B89-6866-4C7C-92E9-5DAFAC45236A}.Debug|Any CPU.ActiveCfg = Debug|Any CPU
		{22207B89-6866-4C7C-92E9-5DAFAC45236A}.Debug|Any CPU.Build.0 = Debug|Any CPU
		{22207B89-6866-4C7C-92E9-5DAFAC45236A}.Release|Any CPU.ActiveCfg = Release|Any CPU
		{22207B89-6866-4C7C-92E9-5DAFAC45236A}.Release|Any CPU.Build.0 = Release|Any CPU
		{3B854C26-2915-457A-A27C-430BEF4067C2}.Debug|Any CPU.ActiveCfg = Debug|Any CPU
		{3B854C26-2915-457A-A27C-430BEF4067C2}.Debug|Any CPU.Build.0 = Debug|Any CPU
		{3B854C26-2915-457A-A27C-430BEF4067C2}.Release|Any CPU.ActiveCfg = Debug|Any CPU
		{3B854C26-2915-457A-A27C-430BEF4067C2}.Release|Any CPU.Build.0 = Debug|Any CPU
	EndGlobalSection
	GlobalSection(SolutionProperties) = preSolution
		HideSolutionNode = FALSE
	EndGlobalSection
EndGlobal
