
Microsoft Visual Studio Solution File, Format Version 12.00
# Visual Studio 2013
VisualStudioVersion = 12.0.31101.0
MinimumVisualStudioVersion = 10.0.40219.1
Project("{FAE04EC0-301F-11D3-BF4B-00C04F79EFBC}") = "CcAcca.CacheAbstraction.DemoWeb", "..\..\Cache-Abstraction\sample\WebApi\CcAcca.CacheAbstraction.DemoWeb\CcAcca.CacheAbstraction.DemoWeb.csproj", "{22207B89-6866-4C7C-92E9-5DAFAC45236A}"
EndProject
Project("{E24C65DC-7377-472B-9ABA-BC803B73C61A}") = "src(1)", "http://localhost:53819", "{3B854C26-2915-457A-A27C-430BEF4067C2}"
	ProjectSection(WebsiteProperties) = preProject
		UseIISExpress = "true"
		TargetFrameworkMoniker = ".NETFramework,Version%3Dv4.0"
		Debug.AspNetCompiler.VirtualPath = "/localhost_53819"
		Debug.AspNetCompiler.PhysicalPath = "..\src\"
		Debug.AspNetCompiler.TargetPath = "PrecompiledWeb\localhost_53819\"
		Debug.AspNetCompiler.Updateable = "true"
		Debug.AspNetCompiler.ForceOverwrite = "true"
		Debug.AspNetCompiler.FixedNames = "false"
		Debug.AspNetCompiler.Debug = "True"
		Release.AspNetCompiler.VirtualPath = "/localhost_53819"
		Release.AspNetCompiler.PhysicalPath = "..\src\"
		Release.AspNetCompiler.TargetPath = "PrecompiledWeb\localhost_53819\"
		Release.AspNetCompiler.Updateable = "true"
		Release.AspNetCompiler.ForceOverwrite = "true"
		Release.AspNetCompiler.FixedNames = "false"
		Release.AspNetCompiler.Debug = "False"
		SlnRelativePath = "..\src\"
	EndProjectSection
EndProject
Project("{FAE04EC0-301F-11D3-BF4B-00C04F79EFBC}") = "CcAcca.CacheAbstraction", "..\..\Cache-Abstraction\src\CcAcca.CacheAbstraction\CcAcca.CacheAbstraction.csproj", "{DD710CA1-0A1D-4E11-A7CB-CC2DA55355D9}"
EndProject
Project("{E24C65DC-7377-472B-9ABA-BC803B73C61A}") = "dist.demo.dev", "http://localhost:62481", "{B378B179-89B1-4BD9-B5C0-BC827C6FF03E}"
	ProjectSection(WebsiteProperties) = preProject
		UseIISExpress = "true"
		TargetFrameworkMoniker = ".NETFramework,Version%3Dv4.0"
		Debug.AspNetCompiler.VirtualPath = "/localhost_62481"
		Debug.AspNetCompiler.PhysicalPath = "..\dist.demo.dev\"
		Debug.AspNetCompiler.TargetPath = "PrecompiledWeb\localhost_62481\"
		Debug.AspNetCompiler.Updateable = "true"
		Debug.AspNetCompiler.ForceOverwrite = "true"
		Debug.AspNetCompiler.FixedNames = "false"
		Debug.AspNetCompiler.Debug = "True"
		Release.AspNetCompiler.VirtualPath = "/localhost_62481"
		Release.AspNetCompiler.PhysicalPath = "..\dist.demo.dev\"
		Release.AspNetCompiler.TargetPath = "PrecompiledWeb\localhost_62481\"
		Release.AspNetCompiler.Updateable = "true"
		Release.AspNetCompiler.ForceOverwrite = "true"
		Release.AspNetCompiler.FixedNames = "false"
		Release.AspNetCompiler.Debug = "False"
		SlnRelativePath = "..\dist.demo.dev\"
	EndProjectSection
EndProject
Project("{FAE04EC0-301F-11D3-BF4B-00C04F79EFBC}") = "CcAcca.CacheAbstraction.WebApi", "..\..\Cache-Abstraction\src\CcAcca.CacheAbstraction.WebApi\CcAcca.CacheAbstraction.WebApi.csproj", "{B9593361-E7FA-48A8-A45E-E5CB45E71649}"
EndProject
Project("{E24C65DC-7377-472B-9ABA-BC803B73C61A}") = "dist.demo.prod", "http://localhost:54090", "{72A6A21F-241F-41BE-AAED-854E17F3C4AE}"
	ProjectSection(WebsiteProperties) = preProject
		UseIISExpress = "true"
		TargetFrameworkMoniker = ".NETFramework,Version%3Dv2.0"
		Debug.AspNetCompiler.VirtualPath = "/localhost_54090"
		Debug.AspNetCompiler.PhysicalPath = "..\dist.demo.prod\"
		Debug.AspNetCompiler.TargetPath = "PrecompiledWeb\localhost_54090\"
		Debug.AspNetCompiler.Updateable = "true"
		Debug.AspNetCompiler.ForceOverwrite = "true"
		Debug.AspNetCompiler.FixedNames = "false"
		Debug.AspNetCompiler.Debug = "True"
		Release.AspNetCompiler.VirtualPath = "/localhost_54090"
		Release.AspNetCompiler.PhysicalPath = "..\dist.demo.prod\"
		Release.AspNetCompiler.TargetPath = "PrecompiledWeb\localhost_54090\"
		Release.AspNetCompiler.Updateable = "true"
		Release.AspNetCompiler.ForceOverwrite = "true"
		Release.AspNetCompiler.FixedNames = "false"
		Release.AspNetCompiler.Debug = "False"
		SlnRelativePath = "..\dist.demo.prod\"
	EndProjectSection
EndProject
Global
	GlobalSection(SolutionConfigurationPlatforms) = preSolution
		Debug|Any CPU = Debug|Any CPU
		Release|Any CPU = Release|Any CPU
	EndGlobalSection
	GlobalSection(ProjectConfigurationPlatforms) = postSolution
		{22207B89-6866-4C7C-92E9-5DAFAC45236A}.Debug|Any CPU.ActiveCfg = Debug|Any CPU
		{22207B89-6866-4C7C-92E9-5DAFAC45236A}.Debug|Any CPU.Build.0 = Debug|Any CPU
		{22207B89-6866-4C7C-92E9-5DAFAC45236A}.Release|Any CPU.ActiveCfg = Release|Any CPU
		{22207B89-6866-4C7C-92E9-5DAFAC45236A}.Release|Any CPU.Build.0 = Release|Any CPU
		{3B854C26-2915-457A-A27C-430BEF4067C2}.Debug|Any CPU.ActiveCfg = Debug|Any CPU
		{3B854C26-2915-457A-A27C-430BEF4067C2}.Debug|Any CPU.Build.0 = Debug|Any CPU
		{3B854C26-2915-457A-A27C-430BEF4067C2}.Release|Any CPU.ActiveCfg = Debug|Any CPU
		{3B854C26-2915-457A-A27C-430BEF4067C2}.Release|Any CPU.Build.0 = Debug|Any CPU
		{DD710CA1-0A1D-4E11-A7CB-CC2DA55355D9}.Debug|Any CPU.ActiveCfg = Debug|Any CPU
		{DD710CA1-0A1D-4E11-A7CB-CC2DA55355D9}.Debug|Any CPU.Build.0 = Debug|Any CPU
		{DD710CA1-0A1D-4E11-A7CB-CC2DA55355D9}.Release|Any CPU.ActiveCfg = Release|Any CPU
		{DD710CA1-0A1D-4E11-A7CB-CC2DA55355D9}.Release|Any CPU.Build.0 = Release|Any CPU
		{B378B179-89B1-4BD9-B5C0-BC827C6FF03E}.Debug|Any CPU.ActiveCfg = Debug|Any CPU
		{B378B179-89B1-4BD9-B5C0-BC827C6FF03E}.Debug|Any CPU.Build.0 = Debug|Any CPU
		{B378B179-89B1-4BD9-B5C0-BC827C6FF03E}.Release|Any CPU.ActiveCfg = Debug|Any CPU
		{B378B179-89B1-4BD9-B5C0-BC827C6FF03E}.Release|Any CPU.Build.0 = Debug|Any CPU
		{B9593361-E7FA-48A8-A45E-E5CB45E71649}.Debug|Any CPU.ActiveCfg = Debug|Any CPU
		{B9593361-E7FA-48A8-A45E-E5CB45E71649}.Debug|Any CPU.Build.0 = Debug|Any CPU
		{B9593361-E7FA-48A8-A45E-E5CB45E71649}.Release|Any CPU.ActiveCfg = Release|Any CPU
		{B9593361-E7FA-48A8-A45E-E5CB45E71649}.Release|Any CPU.Build.0 = Release|Any CPU
		{72A6A21F-241F-41BE-AAED-854E17F3C4AE}.Debug|Any CPU.ActiveCfg = Debug|Any CPU
		{72A6A21F-241F-41BE-AAED-854E17F3C4AE}.Debug|Any CPU.Build.0 = Debug|Any CPU
		{72A6A21F-241F-41BE-AAED-854E17F3C4AE}.Release|Any CPU.ActiveCfg = Debug|Any CPU
		{72A6A21F-241F-41BE-AAED-854E17F3C4AE}.Release|Any CPU.Build.0 = Debug|Any CPU
	EndGlobalSection
	GlobalSection(SolutionProperties) = preSolution
		HideSolutionNode = FALSE
	EndGlobalSection
EndGlobal
